{
  "version": 4,
  "terraform_version": "0.13.5",
  "serial": 221,
  "lineage": "08e174fd-a7c1-ca38-167a-ae0d59b463ff",
  "outputs": {
    "web_url": {
      "value": "https://icaroribeiro-newgocctmplapi2.herokuapp.com/",
      "type": "string"
    }
  },
  "resources": [
    {
      "mode": "managed",
      "type": "heroku_addon",
      "name": "database",
      "provider": "provider[\"registry.terraform.io/heroku/heroku\"]",
      "instances": [
        {
          "schema_version": 2,
          "attributes": {
            "app": "icaroribeiro-newgocctmplapi2",
            "config": null,
            "config_vars": [
              "DATABASE_URL"
            ],
            "id": "311d39fe-35be-453a-91e4-c0f56bc3912a",
            "name": "postgresql-round-44699",
            "plan": "heroku-postgresql:hobby-dev",
            "provider_id": "27818634"
          },
          "private": "eyJzY2hlbWFfdmVyc2lvbiI6IjIifQ==",
          "dependencies": [
            "heroku_app.default"
          ]
        }
      ]
    },
    {
      "mode": "managed",
      "type": "heroku_app",
      "name": "default",
      "provider": "provider[\"registry.terraform.io/heroku/heroku\"]",
      "instances": [
        {
          "schema_version": 0,
          "attributes": {
            "acm": false,
            "all_config_vars": {},
            "buildpacks": [],
            "config_vars": {},
            "git_url": "https://git.heroku.com/icaroribeiro-newgocctmplapi2.git",
            "heroku_hostname": "icaroribeiro-newgocctmplapi2.herokuapp.com",
            "id": "icaroribeiro-newgocctmplapi2",
            "internal_routing": false,
            "name": "icaroribeiro-newgocctmplapi2",
            "organization": [],
            "region": "us",
            "sensitive_config_vars": {},
            "space": null,
            "stack": "container",
            "uuid": "bcf566f6-f421-476b-996b-da2f292121f1",
            "web_url": "https://icaroribeiro-newgocctmplapi2.herokuapp.com/"
          },
          "private": "bnVsbA=="
        }
      ]
    },
    {
      "mode": "managed",
      "type": "heroku_build",
      "name": "default",
      "provider": "provider[\"registry.terraform.io/heroku/heroku\"]",
      "instances": [
        {
          "schema_version": 0,
          "attributes": {
            "app": "icaroribeiro-newgocctmplapi2",
            "buildpacks": [],
            "id": "627e586d-0c13-4bb3-a21a-e9fb60bba21c",
            "local_checksum": "SHA256:5a911b302934ce3be26dbbb0ff658669a5c09b75be434f7dcdfcf1d1efcd5aba",
            "output_stream_url": "https://build-output.heroku.com/streams/bc/bcf566f6-f421-476b-996b-da2f292121f1/logs/62/627e586d-0c13-4bb3-a21a-e9fb60bba21c.log?X-Amz-Algorithm=AWS4-HMAC-SHA256\u0026X-Amz-Credential=AKIAZSXS6CXK3PQ5Y6GY%2F20220530%2Fus-east-1%2Fs3%2Faws4_request\u0026X-Amz-Date=20220530T180521Z\u0026X-Amz-Expires=86400\u0026X-Amz-SignedHeaders=host\u0026X-Amz-Signature=70c14394bc3a8f5e657f72e719409be396e0f83185862c92ad464b9956f7fc05",
            "release_id": "0eb97d0f-7d31-439d-9895-be68a16d2d78",
            "slug_id": null,
            "source": [
              {
                "checksum": "",
                "path": "../app",
                "url": "",
                "version": ""
              }
            ],
            "stack": "container",
            "status": "succeeded",
            "user": [
              {
                "email": "icaroribeiro@hotmail.com",
                "id": "1008c883-0e02-401e-9518-ac5eace28257"
              }
            ],
            "uuid": "627e586d-0c13-4bb3-a21a-e9fb60bba21c"
          },
          "private": "bnVsbA==",
          "dependencies": [
            "heroku_app.default"
          ]
        }
      ]
    }
  ]
}
